
Microsoft Visual Studio Solution File, Format Version 12.00
# Visual Studio Version 17
VisualStudioVersion = 17.3.32505.426
MinimumVisualStudioVersion = 10.0.40219.1
Project("{FAE04EC0-301F-11D3-BF4B-00C04F79EFBC}") = "NewRallyX", "NewRallyX\NewRallyX.csproj", "{26330C7D-229E-4A3A-925D-064746BD8A1F}"
EndProject
Global
	GlobalSection(SolutionConfigurationPlatforms) = preSolution
		Debug|Any CPU = Debug|Any CPU
		Release|Any CPU = Release|Any CPU
	EndGlobalSection
	GlobalSection(ProjectConfigurationPlatforms) = postSolution
		{26330C7D-229E-4A3A-925D-064746BD8A1F}.Debug|Any CPU.ActiveCfg = Debug|Any CPU
		{26330C7D-229E-4A3A-925D-064746BD8A1F}.Debug|Any CPU.Build.0 = Debug|Any CPU
		{26330C7D-229E-4A3A-925D-064746BD8A1F}.Release|Any CPU.ActiveCfg = Release|Any CPU
		{26330C7D-229E-4A3A-925D-064746BD8A1F}.Release|Any CPU.Build.0 = Release|Any CPU
	EndGlobalSection
	GlobalSection(SolutionProperties) = preSolution
		HideSolutionNode = FALSE
	EndGlobalSection
	GlobalSection(ExtensibilityGlobals) = postSolution
		SolutionGuid = {8B888153-1BC7-4AAF-8E6E-73D3377FE321}
	EndGlobalSection
EndGlobal
